{
  "nodes": {
    "awesome-wm-widgets": {
      "flake": false,
      "locked": {
        "lastModified": 1769260761,
        "narHash": "sha256-Tet64Qw7R7lKRbN4KXGn9wyUuSTTy6DIaoTD9Db23cg=",
        "owner": "streetturtle",
        "repo": "awesome-wm-widgets",
        "rev": "c257e22ccbc1536de46e8ae83935d173926fd9ec",
        "type": "github"
      },
      "original": {
        "owner": "streetturtle",
        "repo": "awesome-wm-widgets",
        "type": "github"
      }
    },
    "brew-src": {
      "flake": false,
      "locked": {
        "lastModified": 1769363988,
        "narHash": "sha256-BiGPeulrDVetXP+tjxhMcGLUROZAtZIhU5m4MqawCfM=",
        "owner": "Homebrew",
        "repo": "brew",
        "rev": "d01011cac6d72032c75fd2cd9489909e95d9faf2",
        "type": "github"
      },
      "original": {
        "owner": "Homebrew",
        "ref": "5.0.12",
        "repo": "brew",
        "type": "github"
      }
    },
    "disko": {
      "inputs": {
        "nixpkgs": [
          "nixpkgs"
        ]
      },
      "locked": {
        "lastModified": 1771469470,
        "narHash": "sha256-GnqdqhrguKNN3HtVfl6z+zbV9R9jhHFm3Z8nu7R6ml0=",
        "owner": "nix-community",
        "repo": "disko",
        "rev": "4707eec8d1d2db5182ea06ed48c820a86a42dc13",
        "type": "github"
      },
      "original": {
        "owner": "nix-community",
        "repo": "disko",
        "type": "github"
      }
    },
    "dotfiles": {
      "inputs": {
        "awesome-wm-widgets": "awesome-wm-widgets",
        "home-manager": [
          "home-manager"
        ],
        "nix-secrets": [
          "nix-secrets"
        ],
        "nixpkgs": [
          "nixpkgs"
        ],
        "nur": "nur",
        "starship-dracula": "starship-dracula"
      },
      "locked": {
        "lastModified": 1771436729,
        "narHash": "sha256-Os094awQDhX91Vg8C4nq5nqz+NO/698BgV2h3URuU3k=",
        "owner": "guergeiro",
        "repo": "dotfiles",
        "rev": "dd0fb85317df920f1fc04967786ad3754284ab2f",
        "type": "github"
      },
      "original": {
        "owner": "guergeiro",
        "repo": "dotfiles",
        "type": "github"
      }
    },
    "flake-parts": {
      "inputs": {
        "nixpkgs-lib": [
          "dotfiles",
          "nur",
          "nixpkgs"
        ]
      },
      "locked": {
        "lastModified": 1733312601,
        "narHash": "sha256-4pDvzqnegAfRkPwO3wmwBhVi/Sye1mzps0zHWYnP88c=",
        "owner": "hercules-ci",
        "repo": "flake-parts",
        "rev": "205b12d8b7cd4802fbcb8e8ef6a0f1408781a4f9",
        "type": "github"
      },
      "original": {
        "owner": "hercules-ci",
        "repo": "flake-parts",
        "type": "github"
      }
    },
    "home-manager": {
      "inputs": {
        "nixpkgs": [
          "nixpkgs"
        ]
      },
      "locked": {
        "lastModified": 1771471179,
        "narHash": "sha256-XuP8HPzvt4+m9aKVeL9GdGNlTeyeDn3zEeUuorvrw88=",
        "owner": "nix-community",
        "repo": "home-manager",
        "rev": "2dedeb55b2c140d9a123ae931588e8903fe202ef",
        "type": "github"
      },
      "original": {
        "owner": "nix-community",
        "repo": "home-manager",
        "type": "github"
      }
    },
    "homebrew-cask": {
      "flake": false,
      "locked": {
        "lastModified": 1771481268,
        "narHash": "sha256-pnAQ33lfd8SatxTjjoVA52CLUNBkOXJSG6jUr+pJ3xI=",
        "owner": "homebrew",
        "repo": "homebrew-cask",
        "rev": "25542e192b3b52ac5449ce1107e23ed76c80b3bf",
        "type": "github"
      },
      "original": {
        "owner": "homebrew",
        "repo": "homebrew-cask",
        "type": "github"
      }
    },
    "homebrew-core": {
      "flake": false,
      "locked": {
        "lastModified": 1771486353,
        "narHash": "sha256-AI+YqQayIZ4HzDz4BW7C8dkSEYZGOJsMyBwV7TqzVyg=",
        "owner": "homebrew",
        "repo": "homebrew-core",
        "rev": "c2ec4c7c5003f518f34e6edd93f3cd13e1a4a165",
        "type": "github"
      },
      "original": {
        "owner": "homebrew",
        "repo": "homebrew-core",
        "type": "github"
      }
    },
    "nix-darwin": {
      "inputs": {
        "nixpkgs": [
          "nixpkgs"
        ]
      },
      "locked": {
        "lastModified": 1771371916,
        "narHash": "sha256-G14VTfmzzRYxAhtEBNanQgCNA++Cv0/9iV4h/lkqX9U=",
        "owner": "nix-darwin",
        "repo": "nix-darwin",
        "rev": "aff4c008cec17d6a6760949df641ca0ea9179cac",
        "type": "github"
      },
      "original": {
        "owner": "nix-darwin",
        "ref": "master",
        "repo": "nix-darwin",
        "type": "github"
      }
    },
    "nix-homebrew": {
      "inputs": {
        "brew-src": "brew-src"
      },
      "locked": {
        "lastModified": 1769437432,
        "narHash": "sha256-8d7KnCpT2LweRvSzZYEGd9IM3eFX+A78opcnDM0+ndk=",
        "owner": "zhaofengli",
        "repo": "nix-homebrew",
        "rev": "a5409abd0d5013d79775d3419bcac10eacb9d8c5",
        "type": "github"
      },
      "original": {
        "owner": "zhaofengli",
        "repo": "nix-homebrew",
        "type": "github"
      }
    },
    "nix-secrets": {
      "flake": false,
      "locked": {
        "lastModified": 1769769447,
        "narHash": "sha256-QQIoXNaEfzm63+pwRAo7Aj/OxwH0g7dQ53uXfUc5mmI=",
        "ref": "refs/heads/master",
        "rev": "c0e9cbbcd6eb2332ba85e080b7fc5b5b6c06d8ef",
        "revCount": 24,
        "type": "git",
        "url": "file:./nix-secrets"
      },
      "original": {
        "type": "git",
        "url": "file:./nix-secrets"
      }
    },
    "nixpkgs": {
      "locked": {
        "lastModified": 1771369470,
        "narHash": "sha256-0NBlEBKkN3lufyvFegY4TYv5mCNHbi5OmBDrzihbBMQ=",
        "owner": "nixos",
        "repo": "nixpkgs",
        "rev": "0182a361324364ae3f436a63005877674cf45efb",
        "type": "github"
      },
      "original": {
        "owner": "nixos",
        "ref": "nixos-unstable",
        "repo": "nixpkgs",
        "type": "github"
      }
    },
    "nur": {
      "inputs": {
        "flake-parts": "flake-parts",
        "nixpkgs": [
          "dotfiles",
          "nixpkgs"
        ]
      },
      "locked": {
        "lastModified": 1771428710,
        "narHash": "sha256-g2boZGcKrDZtOKz8nXZKA4L20jm6tTZsIO0dVbIfLGo=",
        "owner": "nix-community",
        "repo": "NUR",
        "rev": "646d24c5080c45e230346200c4df4f7276858049",
        "type": "github"
      },
      "original": {
        "owner": "nix-community",
        "repo": "NUR",
        "type": "github"
      }
    },
    "root": {
      "inputs": {
        "disko": "disko",
        "dotfiles": "dotfiles",
        "home-manager": "home-manager",
        "homebrew-cask": "homebrew-cask",
        "homebrew-core": "homebrew-core",
        "nix-darwin": "nix-darwin",
        "nix-homebrew": "nix-homebrew",
        "nix-secrets": "nix-secrets",
        "nixpkgs": "nixpkgs"
      }
    },
    "starship-dracula": {
      "flake": false,
      "locked": {
        "lastModified": 1749634780,
        "narHash": "sha256-gFnRdz+OBsIWK78ERACwv/Y5RUwpbPX3gGnJdjJVJo4=",
        "owner": "dracula",
        "repo": "starship",
        "rev": "920e9f46ccc25beee15ed7fe0baddabdfeaaf92a",
        "type": "github"
      },
      "original": {
        "owner": "dracula",
        "repo": "starship",
        "type": "github"
      }
    }
  },
  "root": "root",
  "version": 7
}
