{
  "nodes": {
    "brew-src": {
      "flake": false,
      "locked": {
        "lastModified": 1769363988,
        "narHash": "sha256-BiGPeulrDVetXP+tjxhMcGLUROZAtZIhU5m4MqawCfM=",
        "owner": "Homebrew",
        "repo": "brew",
        "rev": "d01011cac6d72032c75fd2cd9489909e95d9faf2",
        "type": "github"
      },
      "original": {
        "owner": "Homebrew",
        "ref": "5.0.12",
        "repo": "brew",
        "type": "github"
      }
    },
    "disko": {
      "inputs": {
        "nixpkgs": [
          "nixpkgs"
        ]
      },
      "locked": {
        "lastModified": 1773889306,
        "narHash": "sha256-PAqwnsBSI9SVC2QugvQ3xeYCB0otOwCacB1ueQj2tgw=",
        "owner": "nix-community",
        "repo": "disko",
        "rev": "5ad85c82cc52264f4beddc934ba57f3789f28347",
        "type": "github"
      },
      "original": {
        "owner": "nix-community",
        "repo": "disko",
        "type": "github"
      }
    },
    "dotfiles": {
      "inputs": {
        "home-manager": [
          "home-manager"
        ],
        "nix-secrets": [
          "nix-secrets"
        ],
        "nixpkgs": [
          "nixpkgs"
        ],
        "nur": "nur",
        "obra-superpowers": "obra-superpowers",
        "rofi-dracula": "rofi-dracula",
        "starship-dracula": "starship-dracula",
        "sublime-dracula": "sublime-dracula"
      },
      "locked": {
        "lastModified": 1775404661,
        "narHash": "sha256-r8jRvRngVjEWUWBc0cJQzlKMfqJU3IUzvDTNkIAi6q8=",
        "owner": "guergeiro",
        "repo": "dotfiles",
        "rev": "2c2c82baf0b170fd6c012a8e69feb13d61eaf59e",
        "type": "github"
      },
      "original": {
        "owner": "guergeiro",
        "repo": "dotfiles",
        "type": "github"
      }
    },
    "flake-parts": {
      "inputs": {
        "nixpkgs-lib": [
          "dotfiles",
          "nur",
          "nixpkgs"
        ]
      },
      "locked": {
        "lastModified": 1733312601,
        "narHash": "sha256-4pDvzqnegAfRkPwO3wmwBhVi/Sye1mzps0zHWYnP88c=",
        "owner": "hercules-ci",
        "repo": "flake-parts",
        "rev": "205b12d8b7cd4802fbcb8e8ef6a0f1408781a4f9",
        "type": "github"
      },
      "original": {
        "owner": "hercules-ci",
        "repo": "flake-parts",
        "type": "github"
      }
    },
    "home-manager": {
      "inputs": {
        "nixpkgs": [
          "nixpkgs"
        ]
      },
      "locked": {
        "lastModified": 1774561634,
        "narHash": "sha256-3q1xsREjqdVIIwQQDZQ9y0YdBzP8gAxdwKoKnZSzJtU=",
        "owner": "nix-community",
        "repo": "home-manager",
        "rev": "7c046c63ac3b467c1d589b99d531da5b6520825a",
        "type": "github"
      },
      "original": {
        "owner": "nix-community",
        "repo": "home-manager",
        "type": "github"
      }
    },
    "homebrew-cask": {
      "flake": false,
      "locked": {
        "lastModified": 1774562188,
        "narHash": "sha256-/8Jx981XXOxbG6Djxx4w+AoxV9CucToe6uD6e804pQg=",
        "owner": "homebrew",
        "repo": "homebrew-cask",
        "rev": "6de901e200c9d41aa435dcdcb2ffe6c5d0a46c69",
        "type": "github"
      },
      "original": {
        "owner": "homebrew",
        "repo": "homebrew-cask",
        "type": "github"
      }
    },
    "homebrew-core": {
      "flake": false,
      "locked": {
        "lastModified": 1774562449,
        "narHash": "sha256-AkLV4QF60irIGwG4jvbVoY0L7ZDCAnaFa+gESSNgLf4=",
        "owner": "homebrew",
        "repo": "homebrew-core",
        "rev": "2b20c799068b6113b50f228230b8a233ebad4ef9",
        "type": "github"
      },
      "original": {
        "owner": "homebrew",
        "repo": "homebrew-core",
        "type": "github"
      }
    },
    "nix-darwin": {
      "inputs": {
        "nixpkgs": [
          "nixpkgs"
        ]
      },
      "locked": {
        "lastModified": 1773000227,
        "narHash": "sha256-zm3ftUQw0MPumYi91HovoGhgyZBlM4o3Zy0LhPNwzXE=",
        "owner": "nix-darwin",
        "repo": "nix-darwin",
        "rev": "da529ac9e46f25ed5616fd634079a5f3c579135f",
        "type": "github"
      },
      "original": {
        "owner": "nix-darwin",
        "ref": "master",
        "repo": "nix-darwin",
        "type": "github"
      }
    },
    "nix-homebrew": {
      "inputs": {
        "brew-src": "brew-src"
      },
      "locked": {
        "lastModified": 1769437432,
        "narHash": "sha256-8d7KnCpT2LweRvSzZYEGd9IM3eFX+A78opcnDM0+ndk=",
        "owner": "zhaofengli",
        "repo": "nix-homebrew",
        "rev": "a5409abd0d5013d79775d3419bcac10eacb9d8c5",
        "type": "github"
      },
      "original": {
        "owner": "zhaofengli",
        "repo": "nix-homebrew",
        "type": "github"
      }
    },
    "nix-secrets": {
      "flake": false,
      "locked": {
        "lastModified": 1775229689,
        "narHash": "sha256-CdmcRgCgc9yPR0iVtjQ/ZD0gApkn5o2DomPjf689L+4=",
        "ref": "refs/heads/master",
        "rev": "47b0246730279939ff14dcc21475aaf9f015bc88",
        "revCount": 29,
        "type": "git",
        "url": "file:./nix-secrets"
      },
      "original": {
        "type": "git",
        "url": "file:./nix-secrets"
      }
    },
    "nixpkgs": {
      "locked": {
        "lastModified": 1774386573,
        "narHash": "sha256-4hAV26quOxdC6iyG7kYaZcM3VOskcPUrdCQd/nx8obc=",
        "owner": "nixos",
        "repo": "nixpkgs",
        "rev": "46db2e09e1d3f113a13c0d7b81e2f221c63b8ce9",
        "type": "github"
      },
      "original": {
        "owner": "nixos",
        "ref": "nixos-unstable",
        "repo": "nixpkgs",
        "type": "github"
      }
    },
    "nur": {
      "inputs": {
        "flake-parts": "flake-parts",
        "nixpkgs": [
          "dotfiles",
          "nixpkgs"
        ]
      },
      "locked": {
        "lastModified": 1775228139,
        "narHash": "sha256-ebbeHmg+V7w8050bwQOuhmQHoLOEOfqKzM1KgCTexK4=",
        "owner": "nix-community",
        "repo": "NUR",
        "rev": "601971b9c89e0304561977f2c28fa25e73aa7132",
        "type": "github"
      },
      "original": {
        "owner": "nix-community",
        "repo": "NUR",
        "type": "github"
      }
    },
    "obra-superpowers": {
      "flake": false,
      "locked": {
        "lastModified": 1775097276,
        "narHash": "sha256-hGEMwmSojy3cNtUQvB5djExlD39O2dwcnLOMUNaVIHg=",
        "owner": "obra",
        "repo": "superpowers",
        "rev": "b7a8f76985f1e93e75dd2f2a3b424dc731bd9d37",
        "type": "github"
      },
      "original": {
        "owner": "obra",
        "repo": "superpowers",
        "type": "github"
      }
    },
    "rofi-dracula": {
      "flake": false,
      "locked": {
        "lastModified": 1693050823,
        "narHash": "sha256-Zx/+FLd5ocHg6+YkqOt67nWfeHR3+iitVm1uKnNXrzc=",
        "owner": "dracula",
        "repo": "rofi",
        "rev": "459eee340059684bf429a5eb51f8e1cc4998eb74",
        "type": "github"
      },
      "original": {
        "owner": "dracula",
        "repo": "rofi",
        "type": "github"
      }
    },
    "root": {
      "inputs": {
        "disko": "disko",
        "dotfiles": "dotfiles",
        "home-manager": "home-manager",
        "homebrew-cask": "homebrew-cask",
        "homebrew-core": "homebrew-core",
        "nix-darwin": "nix-darwin",
        "nix-homebrew": "nix-homebrew",
        "nix-secrets": "nix-secrets",
        "nixpkgs": "nixpkgs"
      }
    },
    "starship-dracula": {
      "flake": false,
      "locked": {
        "lastModified": 1749634780,
        "narHash": "sha256-gFnRdz+OBsIWK78ERACwv/Y5RUwpbPX3gGnJdjJVJo4=",
        "owner": "dracula",
        "repo": "starship",
        "rev": "920e9f46ccc25beee15ed7fe0baddabdfeaaf92a",
        "type": "github"
      },
      "original": {
        "owner": "dracula",
        "repo": "starship",
        "type": "github"
      }
    },
    "sublime-dracula": {
      "flake": false,
      "locked": {
        "lastModified": 1750788141,
        "narHash": "sha256-7veVVrLPW3T7KkkelDmgPW5kp+b12naKSKwCXBgjL1k=",
        "owner": "dracula",
        "repo": "sublime",
        "rev": "d490b57c08f3d110ff61a07ec6edcc1ed9e24a63",
        "type": "github"
      },
      "original": {
        "owner": "dracula",
        "repo": "sublime",
        "type": "github"
      }
    }
  },
  "root": "root",
  "version": 7
}
